// !$*UTF8*$!
{
	archiveVersion = 1;
	classes = {
	};
	objectVersion = 77;
	objects = {

/* Begin PBXBuildFile section */
		BA04C40D2E9489A20037645D /* AlgoKitTransact in Frameworks */ = {isa = PBXBuildFile; productRef = BA04C40C2E9489A20037645D /* AlgoKitTransact */; };
		BA04C4102E948D290037645D /* x-hd-wallet-api in Frameworks */ = {isa = PBXBuildFile; productRef = BA04C40F2E948D290037645D /* x-hd-wallet-api */; };
		BA1BD18B2E806D08005CAA71 /* MnemonicSwift in Frameworks */ = {isa = PBXBuildFile; productRef = BA1BD18A2E806D08005CAA71 /* MnemonicSwift */; };
		BA4760402E9DAE880072A393 /* AlgoKitTransact in Frameworks */ = {isa = PBXBuildFile; productRef = BA47603F2E9DAE880072A393 /* AlgoKitTransact */; };
/* End PBXBuildFile section */

/* Begin PBXFileReference section */
		BAF6E9002E78F3E00016D4E9 /* iosAlgoBridge.app */ = {isa = PBXFileReference; explicitFileType = wrapper.application; includeInIndex = 0; path = iosAlgoBridge.app; sourceTree = BUILT_PRODUCTS_DIR; };
/* End PBXFileReference section */

/* Begin PBXFileSystemSynchronizedRootGroup section */
		BAF6E9022E78F3E00016D4E9 /* iosAlgoBridge */ = {
			isa = PBXFileSystemSynchronizedRootGroup;
			path = iosAlgoBridge;
			sourceTree = "<group>";
		};
/* End PBXFileSystemSynchronizedRootGroup section */

/* Begin PBXFrameworksBuildPhase section */
		BAF6E8FD2E78F3E00016D4E9 /* Frameworks */ = {
			isa = PBXFrameworksBuildPhase;
			buildActionMask = 2147483647;
			files = (
				BA1BD18B2E806D08005CAA71 /* MnemonicSwift in Frameworks */,
				BA4760402E9DAE880072A393 /* AlgoKitTransact in Frameworks */,
				BA04C4102E948D290037645D /* x-hd-wallet-api in Frameworks */,
				BA04C40D2E9489A20037645D /* AlgoKitTransact in Frameworks */,
			);
			runOnlyForDeploymentPostprocessing = 0;
		};
/* End PBXFrameworksBuildPhase section */

/* Begin PBXGroup section */
		BAF6E8F72E78F3E00016D4E9 = {
			isa = PBXGroup;
			children = (
				BAF6E9022E78F3E00016D4E9 /* iosAlgoBridge */,
				BAF6E9012E78F3E00016D4E9 /* Products */,
			);
			sourceTree = "<group>";
		};
		BAF6E9012E78F3E00016D4E9 /* Products */ = {
			isa = PBXGroup;
			children = (
				BAF6E9002E78F3E00016D4E9 /* iosAlgoBridge.app */,
			);
			name = Products;
			sourceTree = "<group>";
		};
/* End PBXGroup section */

/* Begin PBXNativeTarget section */
		BAF6E8FF2E78F3E00016D4E9 /* iosAlgoBridge */ = {
			isa = PBXNativeTarget;
			buildConfigurationList = BAF6E9212E78F3E10016D4E9 /* Build configuration list for PBXNativeTarget "iosAlgoBridge" */;
			buildPhases = (
				BAF6E8FC2E78F3E00016D4E9 /* Sources */,
				BAF6E8FD2E78F3E00016D4E9 /* Frameworks */,
				BAF6E8FE2E78F3E00016D4E9 /* Resources */,
			);
			buildRules = (
			);
			dependencies = (
			);
			fileSystemSynchronizedGroups = (
				BAF6E9022E78F3E00016D4E9 /* iosAlgoBridge */,
			);
			name = iosAlgoBridge;
			packageProductDependencies = (
				BA1BD18A2E806D08005CAA71 /* MnemonicSwift */,
				BA04C40C2E9489A20037645D /* AlgoKitTransact */,
				BA04C40F2E948D290037645D /* x-hd-wallet-api */,
				BA47603F2E9DAE880072A393 /* AlgoKitTransact */,
			);
			productName = iosAlgoBridge;
			productReference = BAF6E9002E78F3E00016D4E9 /* iosAlgoBridge.app */;
			productType = "com.apple.product-type.application";
		};
/* End PBXNativeTarget section */

/* Begin PBXProject section */
		BAF6E8F82E78F3E00016D4E9 /* Project object */ = {
			isa = PBXProject;
			attributes = {
				BuildIndependentTargetsInParallel = 1;
				LastSwiftUpdateCheck = 1640;
				LastUpgradeCheck = 1640;
				TargetAttributes = {
					BAF6E8FF2E78F3E00016D4E9 = {
						CreatedOnToolsVersion = 16.4;
					};
				};
			};
			buildConfigurationList = BAF6E8FB2E78F3E00016D4E9 /* Build configuration list for PBXProject "iosAlgoBridge" */;
			developmentRegion = en;
			hasScannedForEncodings = 0;
			knownRegions = (
				en,
				Base,
			);
			mainGroup = BAF6E8F72E78F3E00016D4E9;
			minimizedProjectReferenceProxies = 1;
			packageReferences = (
				BA1BD1892E806D08005CAA71 /* XCRemoteSwiftPackageReference "MnemonicSwift" */,
				BA04C40E2E948D290037645D /* XCRemoteSwiftPackageReference "algorand-devrel-xHD-Wallet-API-swift" */,
				BA47603E2E9DAE880072A393 /* XCLocalSwiftPackageReference "../wallet-sdk/src/iosMain/xcframeworks/AlgoKitTransact" */,
			);
			preferredProjectObjectVersion = 77;
			productRefGroup = BAF6E9012E78F3E00016D4E9 /* Products */;
			projectDirPath = "";
			projectRoot = "";
			targets = (
				BAF6E8FF2E78F3E00016D4E9 /* iosAlgoBridge */,
			);
		};
/* End PBXProject section */

/* Begin PBXResourcesBuildPhase section */
		BAF6E8FE2E78F3E00016D4E9 /* Resources */ = {
			isa = PBXResourcesBuildPhase;
			buildActionMask = 2147483647;
			files = (
			);
			runOnlyForDeploymentPostprocessing = 0;
		};
/* End PBXResourcesBuildPhase section */

/* Begin PBXSourcesBuildPhase section */
		BAF6E8FC2E78F3E00016D4E9 /* Sources */ = {
			isa = PBXSourcesBuildPhase;
			buildActionMask = 2147483647;
			files = (
			);
			runOnlyForDeploymentPostprocessing = 0;
		};
/* End PBXSourcesBuildPhase section */

/* Begin XCBuildConfiguration section */
		BAF6E91F2E78F3E10016D4E9 /* Debug */ = {
			isa = XCBuildConfiguration;
			buildSettings = {
				ALWAYS_SEARCH_USER_PATHS = NO;
				ASSETCATALOG_COMPILER_GENERATE_SWIFT_ASSET_SYMBOL_EXTENSIONS = YES;
				CLANG_ANALYZER_NONNULL = YES;
				CLANG_ANALYZER_NUMBER_OBJECT_CONVERSION = YES_AGGRESSIVE;
				CLANG_CXX_LANGUAGE_STANDARD = "gnu++20";
				CLANG_ENABLE_MODULES = YES;
				CLANG_ENABLE_OBJC_ARC = YES;
				CLANG_ENABLE_OBJC_WEAK = YES;
				CLANG_WARN_BLOCK_CAPTURE_AUTORELEASING = YES;
				CLANG_WARN_BOOL_CONVERSION = YES;
				CLANG_WARN_COMMA = YES;
				CLANG_WARN_CONSTANT_CONVERSION = YES;
				CLANG_WARN_DEPRECATED_OBJC_IMPLEMENTATIONS = YES;
				CLANG_WARN_DIRECT_OBJC_ISA_USAGE = YES_ERROR;
				CLANG_WARN_DOCUMENTATION_COMMENTS = YES;
				CLANG_WARN_EMPTY_BODY = YES;
				CLANG_WARN_ENUM_CONVERSION = YES;
				CLANG_WARN_INFINITE_RECURSION = YES;
				CLANG_WARN_INT_CONVERSION = YES;
				CLANG_WARN_NON_LITERAL_NULL_CONVERSION = YES;
				CLANG_WARN_OBJC_IMPLICIT_RETAIN_SELF = YES;
				CLANG_WARN_OBJC_LITERAL_CONVERSION = YES;
				CLANG_WARN_OBJC_ROOT_CLASS = YES_ERROR;
				CLANG_WARN_QUOTED_INCLUDE_IN_FRAMEWORK_HEADER = YES;
				CLANG_WARN_RANGE_LOOP_ANALYSIS = YES;
				CLANG_WARN_STRICT_PROTOTYPES = YES;
				CLANG_WARN_SUSPICIOUS_MOVE = YES;
				CLANG_WARN_UNGUARDED_AVAILABILITY = YES_AGGRESSIVE;
				CLANG_WARN_UNREACHABLE_CODE = YES;
				CLANG_WARN__DUPLICATE_METHOD_MATCH = YES;
				COPY_PHASE_STRIP = NO;
				DEBUG_INFORMATION_FORMAT = dwarf;
				ENABLE_STRICT_OBJC_MSGSEND = YES;
				ENABLE_TESTABILITY = YES;
				ENABLE_USER_SCRIPT_SANDBOXING = YES;
				GCC_C_LANGUAGE_STANDARD = gnu17;
				GCC_DYNAMIC_NO_PIC = NO;
				GCC_NO_COMMON_BLOCKS = YES;
				GCC_OPTIMIZATION_LEVEL = 0;
				GCC_PREPROCESSOR_DEFINITIONS = (
					"DEBUG=1",
					"$(inherited)",
				);
				GCC_WARN_64_TO_32_BIT_CONVERSION = YES;
				GCC_WARN_ABOUT_RETURN_TYPE = YES_ERROR;
				GCC_WARN_UNDECLARED_SELECTOR = YES;
				GCC_WARN_UNINITIALIZED_AUTOS = YES_AGGRESSIVE;
				GCC_WARN_UNUSED_FUNCTION = YES;
				GCC_WARN_UNUSED_VARIABLE = YES;
				IPHONEOS_DEPLOYMENT_TARGET = 18.6;
				LOCALIZATION_PREFERS_STRING_CATALOGS = YES;
				MTL_ENABLE_DEBUG_INFO = INCLUDE_SOURCE;
				MTL_FAST_MATH = YES;
				ONLY_ACTIVE_ARCH = YES;
				SDKROOT = iphoneos;
				SWIFT_ACTIVE_COMPILATION_CONDITIONS = "DEBUG $(inherited)";
				SWIFT_OPTIMIZATION_LEVEL = "-Onone";
				VALIDATE_PRODUCT = NO;
			};
			name = Debug;
		};
		BAF6E9202E78F3E10016D4E9 /* Release */ = {
			isa = XCBuildConfiguration;
			buildSettings = {
				ALWAYS_SEARCH_USER_PATHS = NO;
				ASSETCATALOG_COMPILER_GENERATE_SWIFT_ASSET_SYMBOL_EXTENSIONS = YES;
				CLANG_ANALYZER_NONNULL = YES;
				CLANG_ANALYZER_NUMBER_OBJECT_CONVERSION = YES_AGGRESSIVE;
				CLANG_CXX_LANGUAGE_STANDARD = "gnu++20";
				CLANG_ENABLE_MODULES = YES;
				CLANG_ENABLE_OBJC_ARC = YES;
				CLANG_ENABLE_OBJC_WEAK = YES;
				CLANG_WARN_BLOCK_CAPTURE_AUTORELEASING = YES;
				CLANG_WARN_BOOL_CONVERSION = YES;
				CLANG_WARN_COMMA = YES;
				CLANG_WARN_CONSTANT_CONVERSION = YES;
				CLANG_WARN_DEPRECATED_OBJC_IMPLEMENTATIONS = YES;
				CLANG_WARN_DIRECT_OBJC_ISA_USAGE = YES_ERROR;
				CLANG_WARN_DOCUMENTATION_COMMENTS = YES;
				CLANG_WARN_EMPTY_BODY = YES;
				CLANG_WARN_ENUM_CONVERSION = YES;
				CLANG_WARN_INFINITE_RECURSION = YES;
				CLANG_WARN_INT_CONVERSION = YES;
				CLANG_WARN_NON_LITERAL_NULL_CONVERSION = YES;
				CLANG_WARN_OBJC_IMPLICIT_RETAIN_SELF = YES;
				CLANG_WARN_OBJC_LITERAL_CONVERSION = YES;
				CLANG_WARN_OBJC_ROOT_CLASS = YES_ERROR;
				CLANG_WARN_QUOTED_INCLUDE_IN_FRAMEWORK_HEADER = YES;
				CLANG_WARN_RANGE_LOOP_ANALYSIS = YES;
				CLANG_WARN_STRICT_PROTOTYPES = YES;
				CLANG_WARN_SUSPICIOUS_MOVE = YES;
				CLANG_WARN_UNGUARDED_AVAILABILITY = YES_AGGRESSIVE;
				CLANG_WARN_UNREACHABLE_CODE = YES;
				CLANG_WARN__DUPLICATE_METHOD_MATCH = YES;
				COPY_PHASE_STRIP = NO;
				DEBUG_INFORMATION_FORMAT = "dwarf-with-dsym";
				ENABLE_NS_ASSERTIONS = NO;
				ENABLE_STRICT_OBJC_MSGSEND = YES;
				ENABLE_USER_SCRIPT_SANDBOXING = YES;
				GCC_C_LANGUAGE_STANDARD = gnu17;
				GCC_NO_COMMON_BLOCKS = YES;
				GCC_WARN_64_TO_32_BIT_CONVERSION = YES;
				GCC_WARN_ABOUT_RETURN_TYPE = YES_ERROR;
				GCC_WARN_UNDECLARED_SELECTOR = YES;
				GCC_WARN_UNINITIALIZED_AUTOS = YES_AGGRESSIVE;
				GCC_WARN_UNUSED_FUNCTION = YES;
				GCC_WARN_UNUSED_VARIABLE = YES;
				IPHONEOS_DEPLOYMENT_TARGET = 18.6;
				LOCALIZATION_PREFERS_STRING_CATALOGS = YES;
				MTL_ENABLE_DEBUG_INFO = NO;
				MTL_FAST_MATH = YES;
				SDKROOT = iphoneos;
				SWIFT_COMPILATION_MODE = wholemodule;
				VALIDATE_PRODUCT = YES;
			};
			name = Release;
		};
		BAF6E9222E78F3E10016D4E9 /* Debug */ = {
			isa = XCBuildConfiguration;
			buildSettings = {
				ASSETCATALOG_COMPILER_APPICON_NAME = AppIcon;
				ASSETCATALOG_COMPILER_GLOBAL_ACCENT_COLOR_NAME = AccentColor;
				CODE_SIGN_STYLE = Automatic;
				CURRENT_PROJECT_VERSION = 1;
				DEVELOPMENT_TEAM = 97JVYCHM35;
				ENABLE_PREVIEWS = YES;
				GENERATE_INFOPLIST_FILE = YES;
				INFOPLIST_KEY_UIApplicationSceneManifest_Generation = YES;
				INFOPLIST_KEY_UIApplicationSupportsIndirectInputEvents = YES;
				INFOPLIST_KEY_UILaunchScreen_Generation = YES;
				INFOPLIST_KEY_UISupportedInterfaceOrientations_iPad = "UIInterfaceOrientationPortrait UIInterfaceOrientationPortraitUpsideDown UIInterfaceOrientationLandscapeLeft UIInterfaceOrientationLandscapeRight";
				INFOPLIST_KEY_UISupportedInterfaceOrientations_iPhone = "UIInterfaceOrientationPortrait UIInterfaceOrientationLandscapeLeft UIInterfaceOrientationLandscapeRight";
				IPHONEOS_DEPLOYMENT_TARGET = 18.5;
				LD_RUNPATH_SEARCH_PATHS = (
					"$(inherited)",
					"@executable_path/Frameworks",
				);
				MARKETING_VERSION = 1.0;
				PRODUCT_BUNDLE_IDENTIFIER = com.michaeltchuang.iosAlgoBridge;
				PRODUCT_NAME = "$(TARGET_NAME)";
				SUPPORTED_PLATFORMS = "iphoneos iphonesimulator";
				SUPPORTS_MACCATALYST = NO;
				SUPPORTS_XR_DESIGNED_FOR_IPHONE_IPAD = NO;
				SWIFT_EMIT_LOC_STRINGS = YES;
				SWIFT_VERSION = 5.0;
				TARGETED_DEVICE_FAMILY = "1,2";
			};
			name = Debug;
		};
		BAF6E9232E78F3E10016D4E9 /* Release */ = {
			isa = XCBuildConfiguration;
			buildSettings = {
				ASSETCATALOG_COMPILER_APPICON_NAME = AppIcon;
				ASSETCATALOG_COMPILER_GLOBAL_ACCENT_COLOR_NAME = AccentColor;
				CODE_SIGN_STYLE = Automatic;
				CURRENT_PROJECT_VERSION = 1;
				DEVELOPMENT_TEAM = 97JVYCHM35;
				ENABLE_PREVIEWS = YES;
				GENERATE_INFOPLIST_FILE = YES;
				INFOPLIST_KEY_UIApplicationSceneManifest_Generation = YES;
				INFOPLIST_KEY_UIApplicationSupportsIndirectInputEvents = YES;
				INFOPLIST_KEY_UILaunchScreen_Generation = YES;
				INFOPLIST_KEY_UISupportedInterfaceOrientations_iPad = "UIInterfaceOrientationPortrait UIInterfaceOrientationPortraitUpsideDown UIInterfaceOrientationLandscapeLeft UIInterfaceOrientationLandscapeRight";
				INFOPLIST_KEY_UISupportedInterfaceOrientations_iPhone = "UIInterfaceOrientationPortrait UIInterfaceOrientationLandscapeLeft UIInterfaceOrientationLandscapeRight";
				IPHONEOS_DEPLOYMENT_TARGET = 18.5;
				LD_RUNPATH_SEARCH_PATHS = (
					"$(inherited)",
					"@executable_path/Frameworks",
				);
				MARKETING_VERSION = 1.0;
				PRODUCT_BUNDLE_IDENTIFIER = com.michaeltchuang.iosAlgoBridge;
				PRODUCT_NAME = "$(TARGET_NAME)";
				SUPPORTED_PLATFORMS = "iphoneos iphonesimulator";
				SUPPORTS_MACCATALYST = NO;
				SUPPORTS_XR_DESIGNED_FOR_IPHONE_IPAD = NO;
				SWIFT_EMIT_LOC_STRINGS = YES;
				SWIFT_VERSION = 5.0;
				TARGETED_DEVICE_FAMILY = "1,2";
			};
			name = Release;
		};
/* End XCBuildConfiguration section */

/* Begin XCConfigurationList section */
		BAF6E8FB2E78F3E00016D4E9 /* Build configuration list for PBXProject "iosAlgoBridge" */ = {
			isa = XCConfigurationList;
			buildConfigurations = (
				BAF6E91F2E78F3E10016D4E9 /* Debug */,
				BAF6E9202E78F3E10016D4E9 /* Release */,
			);
			defaultConfigurationIsVisible = 0;
			defaultConfigurationName = Release;
		};
		BAF6E9212E78F3E10016D4E9 /* Build configuration list for PBXNativeTarget "iosAlgoBridge" */ = {
			isa = XCConfigurationList;
			buildConfigurations = (
				BAF6E9222E78F3E10016D4E9 /* Debug */,
				BAF6E9232E78F3E10016D4E9 /* Release */,
			);
			defaultConfigurationIsVisible = 0;
			defaultConfigurationName = Release;
		};
/* End XCConfigurationList section */

/* Begin XCLocalSwiftPackageReference section */
		BA47603E2E9DAE880072A393 /* XCLocalSwiftPackageReference "../wallet-sdk/src/iosMain/xcframeworks/AlgoKitTransact" */ = {
			isa = XCLocalSwiftPackageReference;
			relativePath = "../wallet-sdk/src/iosMain/xcframeworks/AlgoKitTransact";
		};
/* End XCLocalSwiftPackageReference section */

/* Begin XCRemoteSwiftPackageReference section */
		BA04C40E2E948D290037645D /* XCRemoteSwiftPackageReference "algorand-devrel-xHD-Wallet-API-swift" */ = {
			isa = XCRemoteSwiftPackageReference;
			repositoryURL = "https://github.com/michaeltchuang/algorand-devrel-xHD-Wallet-API-swift.git";
			requirement = {
				branch = fix/upgrade_sodium;
				kind = branch;
			};
		};
		BA1BD1892E806D08005CAA71 /* XCRemoteSwiftPackageReference "MnemonicSwift" */ = {
			isa = XCRemoteSwiftPackageReference;
			repositoryURL = "https://github.com/Electric-Coin-Company/MnemonicSwift";
			requirement = {
				kind = exactVersion;
				version = 2.2.5;
			};
		};
/* End XCRemoteSwiftPackageReference section */

/* Begin XCSwiftPackageProductDependency section */
		BA04C40C2E9489A20037645D /* AlgoKitTransact */ = {
			isa = XCSwiftPackageProductDependency;
			productName = AlgoKitTransact;
		};
		BA04C40F2E948D290037645D /* x-hd-wallet-api */ = {
			isa = XCSwiftPackageProductDependency;
			package = BA04C40E2E948D290037645D /* XCRemoteSwiftPackageReference "algorand-devrel-xHD-Wallet-API-swift" */;
			productName = "x-hd-wallet-api";
		};
		BA1BD18A2E806D08005CAA71 /* MnemonicSwift */ = {
			isa = XCSwiftPackageProductDependency;
			package = BA1BD1892E806D08005CAA71 /* XCRemoteSwiftPackageReference "MnemonicSwift" */;
			productName = MnemonicSwift;
		};
		BA47603F2E9DAE880072A393 /* AlgoKitTransact */ = {
			isa = XCSwiftPackageProductDependency;
			productName = AlgoKitTransact;
		};
/* End XCSwiftPackageProductDependency section */
	};
	rootObject = BAF6E8F82E78F3E00016D4E9 /* Project object */;
}
